// !$*UTF8*$!
{
	archiveVersion = 1;
	classes = {
	};
	objectVersion = 50;
	objects = {

/* Begin PBXBuildFile section */
		67674B062458CE5B0098A8B2 /* RestBlocksServiceTests.swift in Sources */ = {isa = PBXBuildFile; fileRef = 67674B052458CE5B0098A8B2 /* RestBlocksServiceTests.swift */; };
		67782C962464640D00169598 /* EndpointProvider.swift in Sources */ = {isa = PBXBuildFile; fileRef = 67782C922464640D00169598 /* EndpointProvider.swift */; };
		67782C972464640D00169598 /* URLRequester.swift in Sources */ = {isa = PBXBuildFile; fileRef = 67782C952464640D00169598 /* URLRequester.swift */; };
		67782C9A24646C2400169598 /* StringsProvider.swift in Sources */ = {isa = PBXBuildFile; fileRef = 67782C9924646C2400169598 /* StringsProvider.swift */; };
		677B765924525382004B27CB /* AppDelegate.swift in Sources */ = {isa = PBXBuildFile; fileRef = 677B765824525382004B27CB /* AppDelegate.swift */; };
		677B765B24525382004B27CB /* SceneDelegate.swift in Sources */ = {isa = PBXBuildFile; fileRef = 677B765A24525382004B27CB /* SceneDelegate.swift */; };
		677B766224525385004B27CB /* Assets.xcassets in Resources */ = {isa = PBXBuildFile; fileRef = 677B766124525385004B27CB /* Assets.xcassets */; };
		677B766524525385004B27CB /* LaunchScreen.storyboard in Resources */ = {isa = PBXBuildFile; fileRef = 677B766324525385004B27CB /* LaunchScreen.storyboard */; };
		67BCF4D2246A0F4500C166F6 /* Default-568h@2x.png in Resources */ = {isa = PBXBuildFile; fileRef = 67BCF4D1246A0F4500C166F6 /* Default-568h@2x.png */; };
		67C906EF2469FB18009B24A7 /* EOSIOSDomain.framework in Frameworks */ = {isa = PBXBuildFile; fileRef = 67C906EE2469FB18009B24A7 /* EOSIOSDomain.framework */; };
		67C906F02469FB18009B24A7 /* EOSIOSDomain.framework in Embed Frameworks */ = {isa = PBXBuildFile; fileRef = 67C906EE2469FB18009B24A7 /* EOSIOSDomain.framework */; settings = {ATTRIBUTES = (CodeSignOnCopy, RemoveHeadersOnCopy, ); }; };
		67C90701246A00BD009B24A7 /* MockEndpointProvider.swift in Sources */ = {isa = PBXBuildFile; fileRef = 67C906F5246A00BD009B24A7 /* MockEndpointProvider.swift */; };
		67C90702246A00BD009B24A7 /* MockURLRequester.swift in Sources */ = {isa = PBXBuildFile; fileRef = 67C906F6246A00BD009B24A7 /* MockURLRequester.swift */; };
		67C90703246A00BD009B24A7 /* MockStringsProvider.swift in Sources */ = {isa = PBXBuildFile; fileRef = 67C906F7246A00BD009B24A7 /* MockStringsProvider.swift */; };
		67C90704246A00BD009B24A7 /* MockBlock.swift in Sources */ = {isa = PBXBuildFile; fileRef = 67C906F8246A00BD009B24A7 /* MockBlock.swift */; };
		67C90705246A00BD009B24A7 /* MockRetrieveBlocks.swift in Sources */ = {isa = PBXBuildFile; fileRef = 67C906F9246A00BD009B24A7 /* MockRetrieveBlocks.swift */; };
		67C90707246A00BD009B24A7 /* MockFunction.swift in Sources */ = {isa = PBXBuildFile; fileRef = 67C906FB246A00BD009B24A7 /* MockFunction.swift */; };
		67C90708246A00BD009B24A7 /* BlockListMVVMViewModelTests.swift in Sources */ = {isa = PBXBuildFile; fileRef = 67C906FE246A00BD009B24A7 /* BlockListMVVMViewModelTests.swift */; };
		67C90709246A00BD009B24A7 /* BlockDetailMVVMViewModelTests.swift in Sources */ = {isa = PBXBuildFile; fileRef = 67C90700246A00BD009B24A7 /* BlockDetailMVVMViewModelTests.swift */; };
		67C90729246A01B6009B24A7 /* Scene.swift in Sources */ = {isa = PBXBuildFile; fileRef = 67C9071F246A01B6009B24A7 /* Scene.swift */; };
		67C9072E246A01B6009B24A7 /* BlockDetailScene.swift in Sources */ = {isa = PBXBuildFile; fileRef = 67C90727246A01B6009B24A7 /* BlockDetailScene.swift */; };
		67C9072F246A01B6009B24A7 /* BlockDetailMVVMViewModel.swift in Sources */ = {isa = PBXBuildFile; fileRef = 67C90728246A01B6009B24A7 /* BlockDetailMVVMViewModel.swift */; };
		67C90738246A036C009B24A7 /* BlockListViewModel.swift in Sources */ = {isa = PBXBuildFile; fileRef = 67C90735246A036C009B24A7 /* BlockListViewModel.swift */; };
		67C90739246A036C009B24A7 /* BlockListMVVMViewModel.swift in Sources */ = {isa = PBXBuildFile; fileRef = 67C90736246A036C009B24A7 /* BlockListMVVMViewModel.swift */; };
		67C9073A246A036C009B24A7 /* BlockListScene.swift in Sources */ = {isa = PBXBuildFile; fileRef = 67C90737246A036C009B24A7 /* BlockListScene.swift */; };
		67E6F2B22463B6C900D737D4 /* RestBlocksService.swift in Sources */ = {isa = PBXBuildFile; fileRef = 67E6F2A62463B6C900D737D4 /* RestBlocksService.swift */; };
		67E6F2B32463B6C900D737D4 /* URLSessionURLRequester.swift in Sources */ = {isa = PBXBuildFile; fileRef = 67E6F2A72463B6C900D737D4 /* URLSessionURLRequester.swift */; };
		67E6F2B42463B6C900D737D4 /* ClassEndpointProvider.swift in Sources */ = {isa = PBXBuildFile; fileRef = 67E6F2A82463B6C900D737D4 /* ClassEndpointProvider.swift */; };
		67E6F2B52463B6C900D737D4 /* BlockDetailViewController.swift in Sources */ = {isa = PBXBuildFile; fileRef = 67E6F2AB2463B6C900D737D4 /* BlockDetailViewController.swift */; };
		67E6F2B62463B6C900D737D4 /* UIKit+Scene.swift in Sources */ = {isa = PBXBuildFile; fileRef = 67E6F2AC2463B6C900D737D4 /* UIKit+Scene.swift */; };
		67E6F2B72463B6C900D737D4 /* Main.storyboard in Resources */ = {isa = PBXBuildFile; fileRef = 67E6F2AD2463B6C900D737D4 /* Main.storyboard */; };
		67E6F2B82463B6C900D737D4 /* BlockListViewController.swift in Sources */ = {isa = PBXBuildFile; fileRef = 67E6F2AF2463B6C900D737D4 /* BlockListViewController.swift */; };
		67E6F2B92463B6C900D737D4 /* BlockListView.swift in Sources */ = {isa = PBXBuildFile; fileRef = 67E6F2B12463B6C900D737D4 /* BlockListView.swift */; };
/* End PBXBuildFile section */

/* Begin PBXContainerItemProxy section */
		677B766C24525385004B27CB /* PBXContainerItemProxy */ = {
			isa = PBXContainerItemProxy;
			containerPortal = 677B764D24525382004B27CB /* Project object */;
			proxyType = 1;
			remoteGlobalIDString = 677B765424525382004B27CB;
			remoteInfo = "Eos Browser";
		};
/* End PBXContainerItemProxy section */

/* Begin PBXCopyFilesBuildPhase section */
		675E52AA24662A910096B295 /* Embed Frameworks */ = {
			isa = PBXCopyFilesBuildPhase;
			buildActionMask = 2147483647;
			dstPath = "";
			dstSubfolderSpec = 10;
			files = (
				67C906F02469FB18009B24A7 /* EOSIOSDomain.framework in Embed Frameworks */,
			);
			name = "Embed Frameworks";
			runOnlyForDeploymentPostprocessing = 0;
		};
/* End PBXCopyFilesBuildPhase section */

/* Begin PBXFileReference section */
		67674B052458CE5B0098A8B2 /* RestBlocksServiceTests.swift */ = {isa = PBXFileReference; lastKnownFileType = sourcecode.swift; path = RestBlocksServiceTests.swift; sourceTree = "<group>"; };
		67782C922464640D00169598 /* EndpointProvider.swift */ = {isa = PBXFileReference; fileEncoding = 4; lastKnownFileType = sourcecode.swift; path = EndpointProvider.swift; sourceTree = "<group>"; };
		67782C952464640D00169598 /* URLRequester.swift */ = {isa = PBXFileReference; fileEncoding = 4; lastKnownFileType = sourcecode.swift; path = URLRequester.swift; sourceTree = "<group>"; };
		67782C9924646C2400169598 /* StringsProvider.swift */ = {isa = PBXFileReference; lastKnownFileType = sourcecode.swift; path = StringsProvider.swift; sourceTree = "<group>"; };
		677B765524525382004B27CB /* Eos Browser iOS.app */ = {isa = PBXFileReference; explicitFileType = wrapper.application; includeInIndex = 0; path = "Eos Browser iOS.app"; sourceTree = BUILT_PRODUCTS_DIR; };
		677B765824525382004B27CB /* AppDelegate.swift */ = {isa = PBXFileReference; lastKnownFileType = sourcecode.swift; path = AppDelegate.swift; sourceTree = "<group>"; };
		677B765A24525382004B27CB /* SceneDelegate.swift */ = {isa = PBXFileReference; lastKnownFileType = sourcecode.swift; path = SceneDelegate.swift; sourceTree = "<group>"; };
		677B766124525385004B27CB /* Assets.xcassets */ = {isa = PBXFileReference; lastKnownFileType = folder.assetcatalog; path = Assets.xcassets; sourceTree = "<group>"; };
		677B766424525385004B27CB /* Base */ = {isa = PBXFileReference; lastKnownFileType = file.storyboard; name = Base; path = Base.lproj/LaunchScreen.storyboard; sourceTree = "<group>"; };
		677B766624525385004B27CB /* Info.plist */ = {isa = PBXFileReference; lastKnownFileType = text.plist.xml; path = Info.plist; sourceTree = "<group>"; };
		677B766B24525385004B27CB /* Eos Browser iOSTests.xctest */ = {isa = PBXFileReference; explicitFileType = wrapper.cfbundle; includeInIndex = 0; path = "Eos Browser iOSTests.xctest"; sourceTree = BUILT_PRODUCTS_DIR; };
		677B767124525385004B27CB /* Info.plist */ = {isa = PBXFileReference; lastKnownFileType = text.plist.xml; path = Info.plist; sourceTree = "<group>"; };
		67BCF4D1246A0F4500C166F6 /* Default-568h@2x.png */ = {isa = PBXFileReference; lastKnownFileType = image.png; path = "Default-568h@2x.png"; sourceTree = "<group>"; };
		67C906EE2469FB18009B24A7 /* EOSIOSDomain.framework */ = {isa = PBXFileReference; explicitFileType = wrapper.framework; path = EOSIOSDomain.framework; sourceTree = BUILT_PRODUCTS_DIR; };
		67C906F5246A00BD009B24A7 /* MockEndpointProvider.swift */ = {isa = PBXFileReference; fileEncoding = 4; lastKnownFileType = sourcecode.swift; path = MockEndpointProvider.swift; sourceTree = "<group>"; };
		67C906F6246A00BD009B24A7 /* MockURLRequester.swift */ = {isa = PBXFileReference; fileEncoding = 4; lastKnownFileType = sourcecode.swift; path = MockURLRequester.swift; sourceTree = "<group>"; };
		67C906F7246A00BD009B24A7 /* MockStringsProvider.swift */ = {isa = PBXFileReference; fileEncoding = 4; lastKnownFileType = sourcecode.swift; path = MockStringsProvider.swift; sourceTree = "<group>"; };
		67C906F8246A00BD009B24A7 /* MockBlock.swift */ = {isa = PBXFileReference; fileEncoding = 4; lastKnownFileType = sourcecode.swift; path = MockBlock.swift; sourceTree = "<group>"; };
		67C906F9246A00BD009B24A7 /* MockRetrieveBlocks.swift */ = {isa = PBXFileReference; fileEncoding = 4; lastKnownFileType = sourcecode.swift; path = MockRetrieveBlocks.swift; sourceTree = "<group>"; };
		67C906FB246A00BD009B24A7 /* MockFunction.swift */ = {isa = PBXFileReference; fileEncoding = 4; lastKnownFileType = sourcecode.swift; path = MockFunction.swift; sourceTree = "<group>"; };
		67C906FE246A00BD009B24A7 /* BlockListMVVMViewModelTests.swift */ = {isa = PBXFileReference; fileEncoding = 4; lastKnownFileType = sourcecode.swift; path = BlockListMVVMViewModelTests.swift; sourceTree = "<group>"; };
		67C90700246A00BD009B24A7 /* BlockDetailMVVMViewModelTests.swift */ = {isa = PBXFileReference; fileEncoding = 4; lastKnownFileType = sourcecode.swift; path = BlockDetailMVVMViewModelTests.swift; sourceTree = "<group>"; };
		67C9071F246A01B6009B24A7 /* Scene.swift */ = {isa = PBXFileReference; fileEncoding = 4; lastKnownFileType = sourcecode.swift; path = Scene.swift; sourceTree = "<group>"; };
		67C90727246A01B6009B24A7 /* BlockDetailScene.swift */ = {isa = PBXFileReference; fileEncoding = 4; lastKnownFileType = sourcecode.swift; path = BlockDetailScene.swift; sourceTree = "<group>"; };
		67C90728246A01B6009B24A7 /* BlockDetailMVVMViewModel.swift */ = {isa = PBXFileReference; fileEncoding = 4; lastKnownFileType = sourcecode.swift; path = BlockDetailMVVMViewModel.swift; sourceTree = "<group>"; };
		67C90735246A036C009B24A7 /* BlockListViewModel.swift */ = {isa = PBXFileReference; fileEncoding = 4; lastKnownFileType = sourcecode.swift; path = BlockListViewModel.swift; sourceTree = "<group>"; };
		67C90736246A036C009B24A7 /* BlockListMVVMViewModel.swift */ = {isa = PBXFileReference; fileEncoding = 4; lastKnownFileType = sourcecode.swift; path = BlockListMVVMViewModel.swift; sourceTree = "<group>"; };
		67C90737246A036C009B24A7 /* BlockListScene.swift */ = {isa = PBXFileReference; fileEncoding = 4; lastKnownFileType = sourcecode.swift; path = BlockListScene.swift; sourceTree = "<group>"; };
		67E6F2A62463B6C900D737D4 /* RestBlocksService.swift */ = {isa = PBXFileReference; fileEncoding = 4; lastKnownFileType = sourcecode.swift; path = RestBlocksService.swift; sourceTree = "<group>"; };
		67E6F2A72463B6C900D737D4 /* URLSessionURLRequester.swift */ = {isa = PBXFileReference; fileEncoding = 4; lastKnownFileType = sourcecode.swift; path = URLSessionURLRequester.swift; sourceTree = "<group>"; };
		67E6F2A82463B6C900D737D4 /* ClassEndpointProvider.swift */ = {isa = PBXFileReference; fileEncoding = 4; lastKnownFileType = sourcecode.swift; path = ClassEndpointProvider.swift; sourceTree = "<group>"; };
		67E6F2AB2463B6C900D737D4 /* BlockDetailViewController.swift */ = {isa = PBXFileReference; fileEncoding = 4; lastKnownFileType = sourcecode.swift; path = BlockDetailViewController.swift; sourceTree = "<group>"; };
		67E6F2AC2463B6C900D737D4 /* UIKit+Scene.swift */ = {isa = PBXFileReference; fileEncoding = 4; lastKnownFileType = sourcecode.swift; path = "UIKit+Scene.swift"; sourceTree = "<group>"; };
		67E6F2AE2463B6C900D737D4 /* Base */ = {isa = PBXFileReference; lastKnownFileType = file.storyboard; name = Base; path = Base.lproj/Main.storyboard; sourceTree = "<group>"; };
		67E6F2AF2463B6C900D737D4 /* BlockListViewController.swift */ = {isa = PBXFileReference; fileEncoding = 4; lastKnownFileType = sourcecode.swift; path = BlockListViewController.swift; sourceTree = "<group>"; };
		67E6F2B12463B6C900D737D4 /* BlockListView.swift */ = {isa = PBXFileReference; fileEncoding = 4; lastKnownFileType = sourcecode.swift; path = BlockListView.swift; sourceTree = "<group>"; };
/* End PBXFileReference section */

/* Begin PBXFrameworksBuildPhase section */
		677B765224525382004B27CB /* Frameworks */ = {
			isa = PBXFrameworksBuildPhase;
			buildActionMask = 2147483647;
			files = (
				67C906EF2469FB18009B24A7 /* EOSIOSDomain.framework in Frameworks */,
			);
			runOnlyForDeploymentPostprocessing = 0;
		};
		677B766824525385004B27CB /* Frameworks */ = {
			isa = PBXFrameworksBuildPhase;
			buildActionMask = 2147483647;
			files = (
			);
			runOnlyForDeploymentPostprocessing = 0;
		};
/* End PBXFrameworksBuildPhase section */

/* Begin PBXGroup section */
		67674B042458CE390098A8B2 /* Services */ = {
			isa = PBXGroup;
			children = (
				67674B052458CE5B0098A8B2 /* RestBlocksServiceTests.swift */,
			);
			path = Services;
			sourceTree = "<group>";
		};
		67782C9824646C1500169598 /* Presentation */ = {
			isa = PBXGroup;
			children = (
				67782C9924646C2400169598 /* StringsProvider.swift */,
			);
			path = Presentation;
			sourceTree = "<group>";
		};
		677B764C24525382004B27CB = {
			isa = PBXGroup;
			children = (
				67BCF4D1246A0F4500C166F6 /* Default-568h@2x.png */,
				677B765724525382004B27CB /* Eos Browser iOS */,
				677B766E24525385004B27CB /* Eos Browser iOSTests */,
				677B765624525382004B27CB /* Products */,
				67E6F2A02463B5A300D737D4 /* Frameworks */,
			);
			sourceTree = "<group>";
		};
		677B765624525382004B27CB /* Products */ = {
			isa = PBXGroup;
			children = (
				677B765524525382004B27CB /* Eos Browser iOS.app */,
				677B766B24525385004B27CB /* Eos Browser iOSTests.xctest */,
			);
			name = Products;
			sourceTree = "<group>";
		};
		677B765724525382004B27CB /* Eos Browser iOS */ = {
			isa = PBXGroup;
			children = (
				67C9071D246A01B6009B24A7 /* Scenes */,
				67782C9824646C1500169598 /* Presentation */,
				67E6F2A42463B6C900D737D4 /* Services */,
				67E6F2A92463B6C900D737D4 /* Views */,
				677B765824525382004B27CB /* AppDelegate.swift */,
				677B765A24525382004B27CB /* SceneDelegate.swift */,
				677B766124525385004B27CB /* Assets.xcassets */,
				677B766324525385004B27CB /* LaunchScreen.storyboard */,
				677B766624525385004B27CB /* Info.plist */,
			);
			path = "Eos Browser iOS";
			sourceTree = "<group>";
		};
		677B766E24525385004B27CB /* Eos Browser iOSTests */ = {
			isa = PBXGroup;
			children = (
				67C906F4246A00BD009B24A7 /* Mocks */,
				67C906FC246A00BD009B24A7 /* Scenes */,
				67674B042458CE390098A8B2 /* Services */,
				677B767124525385004B27CB /* Info.plist */,
			);
			path = "Eos Browser iOSTests";
			sourceTree = "<group>";
		};
		67C906F4246A00BD009B24A7 /* Mocks */ = {
			isa = PBXGroup;
			children = (
				67C906F5246A00BD009B24A7 /* MockEndpointProvider.swift */,
				67C906F6246A00BD009B24A7 /* MockURLRequester.swift */,
				67C906F7246A00BD009B24A7 /* MockStringsProvider.swift */,
				67C906F8246A00BD009B24A7 /* MockBlock.swift */,
				67C906F9246A00BD009B24A7 /* MockRetrieveBlocks.swift */,
				67C906FB246A00BD009B24A7 /* MockFunction.swift */,
			);
			path = Mocks;
			sourceTree = "<group>";
		};
		67C906FC246A00BD009B24A7 /* Scenes */ = {
			isa = PBXGroup;
			children = (
				67C906FD246A00BD009B24A7 /* BlockList */,
				67C906FF246A00BD009B24A7 /* BlockDetail */,
			);
			path = Scenes;
			sourceTree = "<group>";
		};
		67C906FD246A00BD009B24A7 /* BlockList */ = {
			isa = PBXGroup;
			children = (
				67C906FE246A00BD009B24A7 /* BlockListMVVMViewModelTests.swift */,
			);
			path = BlockList;
			sourceTree = "<group>";
		};
		67C906FF246A00BD009B24A7 /* BlockDetail */ = {
			isa = PBXGroup;
			children = (
				67C90700246A00BD009B24A7 /* BlockDetailMVVMViewModelTests.swift */,
			);
			path = BlockDetail;
			sourceTree = "<group>";
		};
		67C9071D246A01B6009B24A7 /* Scenes */ = {
			isa = PBXGroup;
			children = (
				67C90733246A036C009B24A7 /* BlockList */,
				67C9071E246A01B6009B24A7 /* Shared */,
				67C90726246A01B6009B24A7 /* BlockDetail */,
			);
			path = Scenes;
			sourceTree = "<group>";
		};
		67C9071E246A01B6009B24A7 /* Shared */ = {
			isa = PBXGroup;
			children = (
				67C9071F246A01B6009B24A7 /* Scene.swift */,
			);
			path = Shared;
			sourceTree = "<group>";
		};
		67C90726246A01B6009B24A7 /* BlockDetail */ = {
			isa = PBXGroup;
			children = (
				67C90727246A01B6009B24A7 /* BlockDetailScene.swift */,
				67C90728246A01B6009B24A7 /* BlockDetailMVVMViewModel.swift */,
			);
			path = BlockDetail;
			sourceTree = "<group>";
		};
		67C90733246A036C009B24A7 /* BlockList */ = {
			isa = PBXGroup;
			children = (
				67C90734246A036C009B24A7 /* ViewModel */,
				67C90737246A036C009B24A7 /* BlockListScene.swift */,
			);
			path = BlockList;
			sourceTree = "<group>";
		};
		67C90734246A036C009B24A7 /* ViewModel */ = {
			isa = PBXGroup;
			children = (
				67C90735246A036C009B24A7 /* BlockListViewModel.swift */,
				67C90736246A036C009B24A7 /* BlockListMVVMViewModel.swift */,
			);
			path = ViewModel;
			sourceTree = "<group>";
		};
		67E6F2A02463B5A300D737D4 /* Frameworks */ = {
			isa = PBXGroup;
			children = (
				67C906EE2469FB18009B24A7 /* EOSIOSDomain.framework */,
			);
			name = Frameworks;
			sourceTree = "<group>";
		};
		67E6F2A42463B6C900D737D4 /* Services */ = {
			isa = PBXGroup;
			children = (
				67782C922464640D00169598 /* EndpointProvider.swift */,
				67782C952464640D00169598 /* URLRequester.swift */,
				67E6F2A52463B6C900D737D4 /* Adapters */,
			);
			path = Services;
			sourceTree = "<group>";
		};
		67E6F2A52463B6C900D737D4 /* Adapters */ = {
			isa = PBXGroup;
			children = (
				67E6F2A62463B6C900D737D4 /* RestBlocksService.swift */,
				67E6F2A72463B6C900D737D4 /* URLSessionURLRequester.swift */,
				67E6F2A82463B6C900D737D4 /* ClassEndpointProvider.swift */,
			);
			path = Adapters;
			sourceTree = "<group>";
		};
		67E6F2A92463B6C900D737D4 /* Views */ = {
			isa = PBXGroup;
			children = (
				67E6F2AA2463B6C900D737D4 /* UIKit */,
				67E6F2B02463B6C900D737D4 /* SwiftUI */,
			);
			path = Views;
			sourceTree = "<group>";
		};
		67E6F2AA2463B6C900D737D4 /* UIKit */ = {
			isa = PBXGroup;
			children = (
				67E6F2AB2463B6C900D737D4 /* BlockDetailViewController.swift */,
				67E6F2AC2463B6C900D737D4 /* UIKit+Scene.swift */,
				67E6F2AD2463B6C900D737D4 /* Main.storyboard */,
				67E6F2AF2463B6C900D737D4 /* BlockListViewController.swift */,
			);
			path = UIKit;
			sourceTree = "<group>";
		};
		67E6F2B02463B6C900D737D4 /* SwiftUI */ = {
			isa = PBXGroup;
			children = (
				67E6F2B12463B6C900D737D4 /* BlockListView.swift */,
			);
			path = SwiftUI;
			sourceTree = "<group>";
		};
/* End PBXGroup section */

/* Begin PBXNativeTarget section */
		677B765424525382004B27CB /* Eos Browser iOS */ = {
			isa = PBXNativeTarget;
			buildConfigurationList = 677B767424525385004B27CB /* Build configuration list for PBXNativeTarget "Eos Browser iOS" */;
			buildPhases = (
				677B765124525382004B27CB /* Sources */,
				677B765224525382004B27CB /* Frameworks */,
				677B765324525382004B27CB /* Resources */,
				675E52AA24662A910096B295 /* Embed Frameworks */,
			);
			buildRules = (
			);
			dependencies = (
			);
			name = "Eos Browser iOS";
			productName = "Eos Browser";
			productReference = 677B765524525382004B27CB /* Eos Browser iOS.app */;
			productType = "com.apple.product-type.application";
		};
		677B766A24525385004B27CB /* Eos Browser iOSTests */ = {
			isa = PBXNativeTarget;
			buildConfigurationList = 677B767724525385004B27CB /* Build configuration list for PBXNativeTarget "Eos Browser iOSTests" */;
			buildPhases = (
				677B766724525385004B27CB /* Sources */,
				677B766824525385004B27CB /* Frameworks */,
				677B766924525385004B27CB /* Resources */,
			);
			buildRules = (
			);
			dependencies = (
				677B766D24525385004B27CB /* PBXTargetDependency */,
			);
			name = "Eos Browser iOSTests";
			productName = "Eos BrowserTests";
			productReference = 677B766B24525385004B27CB /* Eos Browser iOSTests.xctest */;
			productType = "com.apple.product-type.bundle.unit-test";
		};
/* End PBXNativeTarget section */

/* Begin PBXProject section */
		677B764D24525382004B27CB /* Project object */ = {
			isa = PBXProject;
			attributes = {
				LastSwiftUpdateCheck = 1140;
				LastUpgradeCheck = 1140;
				ORGANIZATIONNAME = EOSIOS;
				TargetAttributes = {
					677B765424525382004B27CB = {
						CreatedOnToolsVersion = 11.4;
					};
					677B766A24525385004B27CB = {
						CreatedOnToolsVersion = 11.4;
						TestTargetID = 677B765424525382004B27CB;
					};
				};
			};
			buildConfigurationList = 677B765024525382004B27CB /* Build configuration list for PBXProject "Eos Browser iOS" */;
			compatibilityVersion = "Xcode 9.3";
			developmentRegion = en;
			hasScannedForEncodings = 0;
			knownRegions = (
				en,
				Base,
			);
			mainGroup = 677B764C24525382004B27CB;
			productRefGroup = 677B765624525382004B27CB /* Products */;
			projectDirPath = "";
			projectRoot = "";
			targets = (
				677B765424525382004B27CB /* Eos Browser iOS */,
				677B766A24525385004B27CB /* Eos Browser iOSTests */,
			);
		};
/* End PBXProject section */

/* Begin PBXResourcesBuildPhase section */
		677B765324525382004B27CB /* Resources */ = {
			isa = PBXResourcesBuildPhase;
			buildActionMask = 2147483647;
			files = (
				67E6F2B72463B6C900D737D4 /* Main.storyboard in Resources */,
				67BCF4D2246A0F4500C166F6 /* Default-568h@2x.png in Resources */,
				677B766524525385004B27CB /* LaunchScreen.storyboard in Resources */,
				677B766224525385004B27CB /* Assets.xcassets in Resources */,
			);
			runOnlyForDeploymentPostprocessing = 0;
		};
		677B766924525385004B27CB /* Resources */ = {
			isa = PBXResourcesBuildPhase;
			buildActionMask = 2147483647;
			files = (
			);
			runOnlyForDeploymentPostprocessing = 0;
		};
/* End PBXResourcesBuildPhase section */

/* Begin PBXSourcesBuildPhase section */
		677B765124525382004B27CB /* Sources */ = {
			isa = PBXSourcesBuildPhase;
			buildActionMask = 2147483647;
			files = (
				67E6F2B42463B6C900D737D4 /* ClassEndpointProvider.swift in Sources */,
				67C90739246A036C009B24A7 /* BlockListMVVMViewModel.swift in Sources */,
				67782C972464640D00169598 /* URLRequester.swift in Sources */,
				67782C962464640D00169598 /* EndpointProvider.swift in Sources */,
				67C9072F246A01B6009B24A7 /* BlockDetailMVVMViewModel.swift in Sources */,
				67E6F2B52463B6C900D737D4 /* BlockDetailViewController.swift in Sources */,
				67C9073A246A036C009B24A7 /* BlockListScene.swift in Sources */,
				67C90729246A01B6009B24A7 /* Scene.swift in Sources */,
				67C90738246A036C009B24A7 /* BlockListViewModel.swift in Sources */,
				67E6F2B62463B6C900D737D4 /* UIKit+Scene.swift in Sources */,
				67E6F2B92463B6C900D737D4 /* BlockListView.swift in Sources */,
				677B765924525382004B27CB /* AppDelegate.swift in Sources */,
				67E6F2B32463B6C900D737D4 /* URLSessionURLRequester.swift in Sources */,
				677B765B24525382004B27CB /* SceneDelegate.swift in Sources */,
				67782C9A24646C2400169598 /* StringsProvider.swift in Sources */,
				67C9072E246A01B6009B24A7 /* BlockDetailScene.swift in Sources */,
				67E6F2B82463B6C900D737D4 /* BlockListViewController.swift in Sources */,
				67E6F2B22463B6C900D737D4 /* RestBlocksService.swift in Sources */,
			);
			runOnlyForDeploymentPostprocessing = 0;
		};
		677B766724525385004B27CB /* Sources */ = {
			isa = PBXSourcesBuildPhase;
			buildActionMask = 2147483647;
			files = (
				67674B062458CE5B0098A8B2 /* RestBlocksServiceTests.swift in Sources */,
				67C90709246A00BD009B24A7 /* BlockDetailMVVMViewModelTests.swift in Sources */,
				67C90702246A00BD009B24A7 /* MockURLRequester.swift in Sources */,
				67C90701246A00BD009B24A7 /* MockEndpointProvider.swift in Sources */,
				67C90704246A00BD009B24A7 /* MockBlock.swift in Sources */,
				67C90707246A00BD009B24A7 /* MockFunction.swift in Sources */,
				67C90708246A00BD009B24A7 /* BlockListMVVMViewModelTests.swift in Sources */,
				67C90703246A00BD009B24A7 /* MockStringsProvider.swift in Sources */,
				67C90705246A00BD009B24A7 /* MockRetrieveBlocks.swift in Sources */,
			);
			runOnlyForDeploymentPostprocessing = 0;
		};
/* End PBXSourcesBuildPhase section */

/* Begin PBXTargetDependency section */
		677B766D24525385004B27CB /* PBXTargetDependency */ = {
			isa = PBXTargetDependency;
			target = 677B765424525382004B27CB /* Eos Browser iOS */;
			targetProxy = 677B766C24525385004B27CB /* PBXContainerItemProxy */;
		};
/* End PBXTargetDependency section */

/* Begin PBXVariantGroup section */
		677B766324525385004B27CB /* LaunchScreen.storyboard */ = {
			isa = PBXVariantGroup;
			children = (
				677B766424525385004B27CB /* Base */,
			);
			name = LaunchScreen.storyboard;
			sourceTree = "<group>";
		};
		67E6F2AD2463B6C900D737D4 /* Main.storyboard */ = {
			isa = PBXVariantGroup;
			children = (
				67E6F2AE2463B6C900D737D4 /* Base */,
			);
			name = Main.storyboard;
			sourceTree = "<group>";
		};
/* End PBXVariantGroup section */

/* Begin XCBuildConfiguration section */
		677B767224525385004B27CB /* Debug */ = {
			isa = XCBuildConfiguration;
			buildSettings = {
				ALWAYS_SEARCH_USER_PATHS = NO;
				CLANG_ANALYZER_NONNULL = YES;
				CLANG_ANALYZER_NUMBER_OBJECT_CONVERSION = YES_AGGRESSIVE;
				CLANG_CXX_LANGUAGE_STANDARD = "gnu++14";
				CLANG_CXX_LIBRARY = "libc++";
				CLANG_ENABLE_MODULES = YES;
				CLANG_ENABLE_OBJC_ARC = YES;
				CLANG_ENABLE_OBJC_WEAK = YES;
				CLANG_WARN_BLOCK_CAPTURE_AUTORELEASING = YES;
				CLANG_WARN_BOOL_CONVERSION = YES;
				CLANG_WARN_COMMA = YES;
				CLANG_WARN_CONSTANT_CONVERSION = YES;
				CLANG_WARN_DEPRECATED_OBJC_IMPLEMENTATIONS = YES;
				CLANG_WARN_DIRECT_OBJC_ISA_USAGE = YES_ERROR;
				CLANG_WARN_DOCUMENTATION_COMMENTS = YES;
				CLANG_WARN_EMPTY_BODY = YES;
				CLANG_WARN_ENUM_CONVERSION = YES;
				CLANG_WARN_INFINITE_RECURSION = YES;
				CLANG_WARN_INT_CONVERSION = YES;
				CLANG_WARN_NON_LITERAL_NULL_CONVERSION = YES;
				CLANG_WARN_OBJC_IMPLICIT_RETAIN_SELF = YES;
				CLANG_WARN_OBJC_LITERAL_CONVERSION = YES;
				CLANG_WARN_OBJC_ROOT_CLASS = YES_ERROR;
				CLANG_WARN_RANGE_LOOP_ANALYSIS = YES;
				CLANG_WARN_STRICT_PROTOTYPES = YES;
				CLANG_WARN_SUSPICIOUS_MOVE = YES;
				CLANG_WARN_UNGUARDED_AVAILABILITY = YES_AGGRESSIVE;
				CLANG_WARN_UNREACHABLE_CODE = YES;
				CLANG_WARN__DUPLICATE_METHOD_MATCH = YES;
				COPY_PHASE_STRIP = NO;
				DEBUG_INFORMATION_FORMAT = dwarf;
				ENABLE_STRICT_OBJC_MSGSEND = YES;
				ENABLE_TESTABILITY = YES;
				GCC_C_LANGUAGE_STANDARD = gnu11;
				GCC_DYNAMIC_NO_PIC = NO;
				GCC_NO_COMMON_BLOCKS = YES;
				GCC_OPTIMIZATION_LEVEL = 0;
				GCC_PREPROCESSOR_DEFINITIONS = (
					"DEBUG=1",
					"$(inherited)",
				);
				GCC_WARN_64_TO_32_BIT_CONVERSION = YES;
				GCC_WARN_ABOUT_RETURN_TYPE = YES_ERROR;
				GCC_WARN_UNDECLARED_SELECTOR = YES;
				GCC_WARN_UNINITIALIZED_AUTOS = YES_AGGRESSIVE;
				GCC_WARN_UNUSED_FUNCTION = YES;
				GCC_WARN_UNUSED_VARIABLE = YES;
				IPHONEOS_DEPLOYMENT_TARGET = 13.4;
				MTL_ENABLE_DEBUG_INFO = INCLUDE_SOURCE;
				MTL_FAST_MATH = YES;
				ONLY_ACTIVE_ARCH = YES;
				SDKROOT = iphoneos;
				SWIFT_ACTIVE_COMPILATION_CONDITIONS = DEBUG;
				SWIFT_OPTIMIZATION_LEVEL = "-Onone";
			};
			name = Debug;
		};
		677B767324525385004B27CB /* Release */ = {
			isa = XCBuildConfiguration;
			buildSettings = {
				ALWAYS_SEARCH_USER_PATHS = NO;
				CLANG_ANALYZER_NONNULL = YES;
				CLANG_ANALYZER_NUMBER_OBJECT_CONVERSION = YES_AGGRESSIVE;
				CLANG_CXX_LANGUAGE_STANDARD = "gnu++14";
				CLANG_CXX_LIBRARY = "libc++";
				CLANG_ENABLE_MODULES = YES;
				CLANG_ENABLE_OBJC_ARC = YES;
				CLANG_ENABLE_OBJC_WEAK = YES;
				CLANG_WARN_BLOCK_CAPTURE_AUTORELEASING = YES;
				CLANG_WARN_BOOL_CONVERSION = YES;
				CLANG_WARN_COMMA = YES;
				CLANG_WARN_CONSTANT_CONVERSION = YES;
				CLANG_WARN_DEPRECATED_OBJC_IMPLEMENTATIONS = YES;
				CLANG_WARN_DIRECT_OBJC_ISA_USAGE = YES_ERROR;
				CLANG_WARN_DOCUMENTATION_COMMENTS = YES;
				CLANG_WARN_EMPTY_BODY = YES;
				CLANG_WARN_ENUM_CONVERSION = YES;
				CLANG_WARN_INFINITE_RECURSION = YES;
				CLANG_WARN_INT_CONVERSION = YES;
				CLANG_WARN_NON_LITERAL_NULL_CONVERSION = YES;
				CLANG_WARN_OBJC_IMPLICIT_RETAIN_SELF = YES;
				CLANG_WARN_OBJC_LITERAL_CONVERSION = YES;
				CLANG_WARN_OBJC_ROOT_CLASS = YES_ERROR;
				CLANG_WARN_RANGE_LOOP_ANALYSIS = YES;
				CLANG_WARN_STRICT_PROTOTYPES = YES;
				CLANG_WARN_SUSPICIOUS_MOVE = YES;
				CLANG_WARN_UNGUARDED_AVAILABILITY = YES_AGGRESSIVE;
				CLANG_WARN_UNREACHABLE_CODE = YES;
				CLANG_WARN__DUPLICATE_METHOD_MATCH = YES;
				COPY_PHASE_STRIP = NO;
				DEBUG_INFORMATION_FORMAT = "dwarf-with-dsym";
				ENABLE_NS_ASSERTIONS = NO;
				ENABLE_STRICT_OBJC_MSGSEND = YES;
				GCC_C_LANGUAGE_STANDARD = gnu11;
				GCC_NO_COMMON_BLOCKS = YES;
				GCC_WARN_64_TO_32_BIT_CONVERSION = YES;
				GCC_WARN_ABOUT_RETURN_TYPE = YES_ERROR;
				GCC_WARN_UNDECLARED_SELECTOR = YES;
				GCC_WARN_UNINITIALIZED_AUTOS = YES_AGGRESSIVE;
				GCC_WARN_UNUSED_FUNCTION = YES;
				GCC_WARN_UNUSED_VARIABLE = YES;
				IPHONEOS_DEPLOYMENT_TARGET = 13.4;
				MTL_ENABLE_DEBUG_INFO = NO;
				MTL_FAST_MATH = YES;
				SDKROOT = iphoneos;
				SWIFT_COMPILATION_MODE = wholemodule;
				SWIFT_OPTIMIZATION_LEVEL = "-O";
				VALIDATE_PRODUCT = YES;
			};
			name = Release;
		};
		677B767524525385004B27CB /* Debug */ = {
			isa = XCBuildConfiguration;
			buildSettings = {
				ASSETCATALOG_COMPILER_APPICON_NAME = AppIcon;
				CODE_SIGN_STYLE = Automatic;
				DEVELOPMENT_TEAM = 86PMDM3J26;
				INFOPLIST_FILE = "Eos Browser iOS/Info.plist";
				IPHONEOS_DEPLOYMENT_TARGET = 13.0;
				LD_RUNPATH_SEARCH_PATHS = (
					"$(inherited)",
					"@executable_path/Frameworks",
				);
				MARKETING_VERSION = 0.1.0;
				PRODUCT_BUNDLE_IDENTIFIER = "com.io.eos.Eos-Browser-iOS";
				PRODUCT_NAME = "$(TARGET_NAME)";
				SWIFT_VERSION = 5.0;
				TARGETED_DEVICE_FAMILY = "1,2";
			};
			name = Debug;
		};
		677B767624525385004B27CB /* Release */ = {
			isa = XCBuildConfiguration;
			buildSettings = {
				ASSETCATALOG_COMPILER_APPICON_NAME = AppIcon;
				CODE_SIGN_STYLE = Automatic;
				DEVELOPMENT_TEAM = 86PMDM3J26;
				INFOPLIST_FILE = "Eos Browser iOS/Info.plist";
				IPHONEOS_DEPLOYMENT_TARGET = 13.0;
				LD_RUNPATH_SEARCH_PATHS = (
					"$(inherited)",
					"@executable_path/Frameworks",
				);
				MARKETING_VERSION = 0.1.0;
				PRODUCT_BUNDLE_IDENTIFIER = "com.io.eos.Eos-Browser-iOS";
				PRODUCT_NAME = "$(TARGET_NAME)";
				SWIFT_VERSION = 5.0;
				TARGETED_DEVICE_FAMILY = "1,2";
			};
			name = Release;
		};
		677B767824525385004B27CB /* Debug */ = {
			isa = XCBuildConfiguration;
			buildSettings = {
				ALWAYS_EMBED_SWIFT_STANDARD_LIBRARIES = YES;
				BUNDLE_LOADER = "$(TEST_HOST)";
				CODE_SIGN_STYLE = Automatic;
				DEVELOPMENT_TEAM = 86PMDM3J26;
				INFOPLIST_FILE = "Eos Browser iOSTests/Info.plist";
				IPHONEOS_DEPLOYMENT_TARGET = 13.4;
				LD_RUNPATH_SEARCH_PATHS = (
					"$(inherited)",
					"@executable_path/Frameworks",
					"@loader_path/Frameworks",
				);
				PRODUCT_BUNDLE_IDENTIFIER = "com.io.eos.Eos-BrowserTests";
				PRODUCT_NAME = "$(TARGET_NAME)";
				SWIFT_VERSION = 5.0;
				TARGETED_DEVICE_FAMILY = "1,2";
				TEST_HOST = "$(BUILT_PRODUCTS_DIR)/Eos Browser iOS.app/Eos Browser iOS";
			};
			name = Debug;
		};
		677B767924525385004B27CB /* Release */ = {
			isa = XCBuildConfiguration;
			buildSettings = {
				ALWAYS_EMBED_SWIFT_STANDARD_LIBRARIES = YES;
				BUNDLE_LOADER = "$(TEST_HOST)";
				CODE_SIGN_STYLE = Automatic;
				DEVELOPMENT_TEAM = 86PMDM3J26;
				INFOPLIST_FILE = "Eos Browser iOSTests/Info.plist";
				IPHONEOS_DEPLOYMENT_TARGET = 13.4;
				LD_RUNPATH_SEARCH_PATHS = (
					"$(inherited)",
					"@executable_path/Frameworks",
					"@loader_path/Frameworks",
				);
				PRODUCT_BUNDLE_IDENTIFIER = "com.io.eos.Eos-BrowserTests";
				PRODUCT_NAME = "$(TARGET_NAME)";
				SWIFT_VERSION = 5.0;
				TARGETED_DEVICE_FAMILY = "1,2";
				TEST_HOST = "$(BUILT_PRODUCTS_DIR)/Eos Browser iOS.app/Eos Browser iOS";
			};
			name = Release;
		};
/* End XCBuildConfiguration section */

/* Begin XCConfigurationList section */
		677B765024525382004B27CB /* Build configuration list for PBXProject "Eos Browser iOS" */ = {
			isa = XCConfigurationList;
			buildConfigurations = (
				677B767224525385004B27CB /* Debug */,
				677B767324525385004B27CB /* Release */,
			);
			defaultConfigurationIsVisible = 0;
			defaultConfigurationName = Release;
		};
		677B767424525385004B27CB /* Build configuration list for PBXNativeTarget "Eos Browser iOS" */ = {
			isa = XCConfigurationList;
			buildConfigurations = (
				677B767524525385004B27CB /* Debug */,
				677B767624525385004B27CB /* Release */,
			);
			defaultConfigurationIsVisible = 0;
			defaultConfigurationName = Release;
		};
		677B767724525385004B27CB /* Build configuration list for PBXNativeTarget "Eos Browser iOSTests" */ = {
			isa = XCConfigurationList;
			buildConfigurations = (
				677B767824525385004B27CB /* Debug */,
				677B767924525385004B27CB /* Release */,
			);
			defaultConfigurationIsVisible = 0;
			defaultConfigurationName = Release;
		};
/* End XCConfigurationList section */
	};
	rootObject = 677B764D24525382004B27CB /* Project object */;
}
